<?xml version="1.0" encoding="utf-8"?>
<Project ToolsVersion="4.0" xmlns="http://schemas.microsoft.com/developer/msbuild/2003">
  <ItemGroup>
    <Filter Include="소스 파일">
      <UniqueIdentifier>{4FC737F1-C7A5-4376-A066-2A32D752A2FF}</UniqueIdentifier>
      <Extensions>cpp;c;cc;cxx;c++;cppm;ixx;def;odl;idl;hpj;bat;asm;asmx</Extensions>
    </Filter>
    <Filter Include="헤더 파일">
      <UniqueIdentifier>{93995380-89BD-4b04-88EB-625FBE52EBFB}</UniqueIdentifier>
      <Extensions>h;hh;hpp;hxx;h++;hm;inl;inc;ipp;xsd</Extensions>
    </Filter>
    <Filter Include="리소스 파일">
      <UniqueIdentifier>{67DA6AB6-F800-4c08-8B7A-83BB121AAD01}</UniqueIdentifier>
      <Extensions>rc;ico;cur;bmp;dlg;rc2;rct;bin;rgs;gif;jpg;jpeg;jpe;resx;tiff;tif;png;wav;mfcribbon-ms</Extensions>
    </Filter>
    <Filter Include="Monster Files">
      <UniqueIdentifier>{a4a9b510-fd33-48a2-86ff-01283a37eec7}</UniqueIdentifier>
    </Filter>
    <Filter Include="Manager Files">
      <UniqueIdentifier>{8b1bced8-8a84-49f7-bbc1-71c6959c427f}</UniqueIdentifier>
    </Filter>
    <Filter Include="Interface Files">
      <UniqueIdentifier>{733cf975-ad23-4acd-b456-33868e6ffaf0}</UniqueIdentifier>
    </Filter>
    <Filter Include="Item Files">
      <UniqueIdentifier>{f309cd76-dbbc-4137-9aa2-41382bb2f256}</UniqueIdentifier>
    </Filter>
  </ItemGroup>
  <ItemGroup>
    <ClCompile Include="main.cpp">
      <Filter>소스 파일</Filter>
    </ClCompile>
    <ClCompile Include="GoblinDropItem.cpp">
      <Filter>소스 파일</Filter>
    </ClCompile>
    <ClCompile Include="TrollDropItem.cpp">
      <Filter>소스 파일</Filter>
    </ClCompile>
    <ClCompile Include="OrcDropItem.cpp">
      <Filter>소스 파일</Filter>
    </ClCompile>
    <ClCompile Include="SlimeDropItem.cpp">
      <Filter>소스 파일</Filter>
    </ClCompile>
    <ClCompile Include="BossMonsterDropItem.cpp">
      <Filter>소스 파일</Filter>
    </ClCompile>
    <ClCompile Include="Goblin.cpp">
      <Filter>Monster Files</Filter>
    </ClCompile>
    <ClCompile Include="Orc.cpp">
      <Filter>Monster Files</Filter>
    </ClCompile>
    <ClCompile Include="Slime.cpp">
      <Filter>Monster Files</Filter>
    </ClCompile>
    <ClCompile Include="Troll.cpp">
      <Filter>Monster Files</Filter>
    </ClCompile>
    <ClCompile Include="BossMonster.cpp">
      <Filter>Monster Files</Filter>
    </ClCompile>
    <ClCompile Include="Character.cpp">
      <Filter>Manager Files</Filter>
    </ClCompile>
    <ClCompile Include="Shop.cpp">
      <Filter>Manager Files</Filter>
    </ClCompile>
    <ClCompile Include="GameManager.cpp">
      <Filter>Manager Files</Filter>
    </ClCompile>
    <ClCompile Include="HealthPotion.cpp">
      <Filter>Item Files</Filter>
    </ClCompile>
    <ClCompile Include="AttackBoost.cpp">
      <Filter>Item Files</Filter>
    </ClCompile>
    <ClCompile Include="EliteMonster.cpp">
      <Filter>소스 파일</Filter>
    </ClCompile>
    <ClCompile Include="EliteDropItem.cpp">
      <Filter>소스 파일</Filter>
    </ClCompile>
    <ClCompile Include="ActingMonster.cpp">
      <Filter>소스 파일</Filter>
    </ClCompile>
    <ClCompile Include="ParryingPattern.cpp">
      <Filter>소스 파일</Filter>
    </ClCompile>
    <ClCompile Include="HitDelayPattern.cpp">
      <Filter>소스 파일</Filter>
    </ClCompile>
    <ClCompile Include="ManaPotion.cpp">
      <Filter>소스 파일</Filter>
    </ClCompile>
    <ClCompile Include="BattleUi.cpp">
      <Filter>소스 파일</Filter>
    </ClCompile>
    <ClCompile Include="MonsterFactory.cpp">
      <Filter>소스 파일</Filter>
    </ClCompile>
    <ClCompile Include="FindDiffWordPattern.cpp">
      <Filter>소스 파일</Filter>
    </ClCompile>
    <ClCompile Include="MonsterPatternFactory.cpp">
      <Filter>소스 파일</Filter>
    </ClCompile>
    <ClCompile Include="Factory.cpp">
      <Filter>소스 파일</Filter>
    </ClCompile>
    <ClCompile Include="Battle.cpp">
      <Filter>소스 파일</Filter>
    </ClCompile>
    <ClCompile Include="BuffManager.cpp">
      <Filter>Manager Files</Filter>
    </ClCompile>
    <ClCompile Include="BuffUi.cpp">
      <Filter>소스 파일</Filter>
    </ClCompile>
    <ClCompile Include="CharacterUI.cpp">
      <Filter>소스 파일</Filter>
    </ClCompile>
    <ClCompile Include="ShopUI.cpp">
      <Filter>소스 파일</Filter>
    </ClCompile>
    <ClCompile Include="Report.cpp">
      <Filter>소스 파일</Filter>
    </ClCompile>
  </ItemGroup>
  <ItemGroup>
    <ClInclude Include="GoblinDropItem.h">
      <Filter>헤더 파일</Filter>
    </ClInclude>
    <ClInclude Include="OrcDropItem.h">
      <Filter>헤더 파일</Filter>
    </ClInclude>
    <ClInclude Include="TrollDropItem.h">
      <Filter>헤더 파일</Filter>
    </ClInclude>
    <ClInclude Include="SlimeDropItem.h">
      <Filter>헤더 파일</Filter>
    </ClInclude>
    <ClInclude Include="BossMonsterDropItem.h">
      <Filter>헤더 파일</Filter>
    </ClInclude>
    <ClInclude Include="Goblin.h">
      <Filter>Monster Files</Filter>
    </ClInclude>
    <ClInclude Include="Orc.h">
      <Filter>Monster Files</Filter>
    </ClInclude>
    <ClInclude Include="Troll.h">
      <Filter>Monster Files</Filter>
    </ClInclude>
    <ClInclude Include="BossMonster.h">
      <Filter>Monster Files</Filter>
    </ClInclude>
    <ClInclude Include="Character.h">
      <Filter>Manager Files</Filter>
    </ClInclude>
    <ClInclude Include="Shop.h">
      <Filter>Manager Files</Filter>
    </ClInclude>
    <ClInclude Include="Slime.h">
      <Filter>Monster Files</Filter>
    </ClInclude>
    <ClInclude Include="Item.h">
      <Filter>Interface Files</Filter>
    </ClInclude>
    <ClInclude Include="Monster.h">
      <Filter>Interface Files</Filter>
    </ClInclude>
    <ClInclude Include="GameManager.h">
      <Filter>Manager Files</Filter>
    </ClInclude>
    <ClInclude Include="AttackBoost.h">
      <Filter>Item Files</Filter>
    </ClInclude>
    <ClInclude Include="HealthPotion.h">
      <Filter>Item Files</Filter>
    </ClInclude>
    <ClInclude Include="EliteMonster.h">
      <Filter>헤더 파일</Filter>
    </ClInclude>
    <ClInclude Include="EliteDropItem.h">
      <Filter>헤더 파일</Filter>
    </ClInclude>
    <ClInclude Include="Evolve.h">
      <Filter>헤더 파일</Filter>
    </ClInclude>
    <ClInclude Include="ActingMonster.h">
      <Filter>헤더 파일</Filter>
    </ClInclude>
    <ClInclude Include="ParryingPattern.h">
      <Filter>헤더 파일</Filter>
    </ClInclude>
    <ClInclude Include="FindDiffWordPattern.h">
      <Filter>헤더 파일</Filter>
    </ClInclude>
    <ClInclude Include="MagicClaw.h">
      <Filter>헤더 파일</Filter>
    </ClInclude>
    <ClInclude Include="PowerStrike.h">
      <Filter>헤더 파일</Filter>
    </ClInclude>
    <ClInclude Include="Skill.h">
      <Filter>헤더 파일</Filter>
    </ClInclude>
    <ClInclude Include="HitDelayPattern.h">
      <Filter>헤더 파일</Filter>
    </ClInclude>
    <ClInclude Include="ManaPotion.h">
      <Filter>헤더 파일</Filter>
    </ClInclude>
    <ClInclude Include="BattleUi.h">
      <Filter>헤더 파일</Filter>
    </ClInclude>
    <ClInclude Include="Battle.h">
      <Filter>헤더 파일</Filter>
    </ClInclude>
    <ClInclude Include="MonsterFactory.h">
      <Filter>헤더 파일</Filter>
    </ClInclude>
    <ClInclude Include="MonsterAttackPattern.h">
      <Filter>헤더 파일</Filter>
    </ClInclude>
    <ClInclude Include="MonsterPatternFactory.h">
      <Filter>헤더 파일</Filter>
    </ClInclude>
    <ClInclude Include="Factory.h">
      <Filter>헤더 파일</Filter>
    </ClInclude>
    <ClInclude Include="BuffManager.h">
      <Filter>Manager Files</Filter>
    </ClInclude>
    <ClInclude Include="BuffUi.h">
      <Filter>헤더 파일</Filter>
    </ClInclude>
    <ClInclude Include="CharacterUI.h">
      <Filter>헤더 파일</Filter>
    </ClInclude>
    <ClInclude Include="ShopUI.h">
      <Filter>헤더 파일</Filter>
    </ClInclude>
    <ClInclude Include="IObserver.h">
      <Filter>헤더 파일</Filter>
    </ClInclude>
    <ClInclude Include="Report.h">
      <Filter>헤더 파일</Filter>
    </ClInclude>
  </ItemGroup>
</Project>